
Microsoft Visual Studio Solution File, Format Version 12.00
# Visual Studio 15
VisualStudioVersion = 15.0.27428.2027
MinimumVisualStudioVersion = 10.0.40219.1
Project("{9A19103F-16F7-4668-BE54-9A1E7A4F7556}") = "App", "App\App.csproj", "{501B5033-CA26-4A62-A5D3-8E3602B36D87}"
EndProject
Project("{E53339B2-1760-4266-BCC7-CA923CBCF16C}") = "docker-compose", "docker-compose.dcproj", "{81A5F449-568B-4F18-B6EE-E418B9F1E263}"
EndProject
Project("{9A19103F-16F7-4668-BE54-9A1E7A4F7556}") = "DataLayer", "..\DataLayer\DataLayer.csproj", "{9C5A5E29-8F19-4664-B0C3-D75A05B2A3CD}"
EndProject
Project("{9A19103F-16F7-4668-BE54-9A1E7A4F7556}") = "QLNet", "..\Engine\QLNet\src\QLNet\QLNet.csproj", "{2B16CA9D-185C-4059-8D8B-15BF6463EF23}"
EndProject
Project("{FAE04EC0-301F-11D3-BF4B-00C04F79EFBC}") = "QLRAnalytics", "..\Engine\QLRAnalytics\QLRAnalytics\QLRAnalytics.csproj", "{5384C176-728D-4634-BA30-B3AC5BEF53FA}"
EndProject
Project("{FAE04EC0-301F-11D3-BF4B-00C04F79EFBC}") = "QLRData", "..\Engine\QLRData\QLRData\QLRData.csproj", "{9B987FE6-EFCB-42A7-9734-3AC65CE0D53E}"
EndProject
Project("{FAE04EC0-301F-11D3-BF4B-00C04F79EFBC}") = "QuantExt", "..\Engine\QuantExt\QuantExt\QuantExt.csproj", "{569D4D07-8911-4F5B-809C-3A99C7958291}"
EndProject
Global
	GlobalSection(SolutionConfigurationPlatforms) = preSolution
		Debug|Any CPU = Debug|Any CPU
		Release|Any CPU = Release|Any CPU
	EndGlobalSection
	GlobalSection(ProjectConfigurationPlatforms) = postSolution
		{501B5033-CA26-4A62-A5D3-8E3602B36D87}.Debug|Any CPU.ActiveCfg = Debug|Any CPU
		{501B5033-CA26-4A62-A5D3-8E3602B36D87}.Debug|Any CPU.Build.0 = Debug|Any CPU
		{501B5033-CA26-4A62-A5D3-8E3602B36D87}.Release|Any CPU.ActiveCfg = Release|Any CPU
		{501B5033-CA26-4A62-A5D3-8E3602B36D87}.Release|Any CPU.Build.0 = Release|Any CPU
		{81A5F449-568B-4F18-B6EE-E418B9F1E263}.Debug|Any CPU.ActiveCfg = Debug|Any CPU
		{81A5F449-568B-4F18-B6EE-E418B9F1E263}.Debug|Any CPU.Build.0 = Debug|Any CPU
		{81A5F449-568B-4F18-B6EE-E418B9F1E263}.Release|Any CPU.ActiveCfg = Release|Any CPU
		{81A5F449-568B-4F18-B6EE-E418B9F1E263}.Release|Any CPU.Build.0 = Release|Any CPU
		{9C5A5E29-8F19-4664-B0C3-D75A05B2A3CD}.Debug|Any CPU.ActiveCfg = Debug|Any CPU
		{9C5A5E29-8F19-4664-B0C3-D75A05B2A3CD}.Debug|Any CPU.Build.0 = Debug|Any CPU
		{9C5A5E29-8F19-4664-B0C3-D75A05B2A3CD}.Release|Any CPU.ActiveCfg = Release|Any CPU
		{9C5A5E29-8F19-4664-B0C3-D75A05B2A3CD}.Release|Any CPU.Build.0 = Release|Any CPU
		{2B16CA9D-185C-4059-8D8B-15BF6463EF23}.Debug|Any CPU.ActiveCfg = Debug|Any CPU
		{2B16CA9D-185C-4059-8D8B-15BF6463EF23}.Debug|Any CPU.Build.0 = Debug|Any CPU
		{2B16CA9D-185C-4059-8D8B-15BF6463EF23}.Release|Any CPU.ActiveCfg = Release|Any CPU
		{2B16CA9D-185C-4059-8D8B-15BF6463EF23}.Release|Any CPU.Build.0 = Release|Any CPU
		{5384C176-728D-4634-BA30-B3AC5BEF53FA}.Debug|Any CPU.ActiveCfg = Debug|Any CPU
		{5384C176-728D-4634-BA30-B3AC5BEF53FA}.Debug|Any CPU.Build.0 = Debug|Any CPU
		{5384C176-728D-4634-BA30-B3AC5BEF53FA}.Release|Any CPU.ActiveCfg = Release|Any CPU
		{5384C176-728D-4634-BA30-B3AC5BEF53FA}.Release|Any CPU.Build.0 = Release|Any CPU
		{9B987FE6-EFCB-42A7-9734-3AC65CE0D53E}.Debug|Any CPU.ActiveCfg = Debug|Any CPU
		{9B987FE6-EFCB-42A7-9734-3AC65CE0D53E}.Debug|Any CPU.Build.0 = Debug|Any CPU
		{9B987FE6-EFCB-42A7-9734-3AC65CE0D53E}.Release|Any CPU.ActiveCfg = Release|Any CPU
		{9B987FE6-EFCB-42A7-9734-3AC65CE0D53E}.Release|Any CPU.Build.0 = Release|Any CPU
		{569D4D07-8911-4F5B-809C-3A99C7958291}.Debug|Any CPU.ActiveCfg = Debug|Any CPU
		{569D4D07-8911-4F5B-809C-3A99C7958291}.Debug|Any CPU.Build.0 = Debug|Any CPU
		{569D4D07-8911-4F5B-809C-3A99C7958291}.Release|Any CPU.ActiveCfg = Release|Any CPU
		{569D4D07-8911-4F5B-809C-3A99C7958291}.Release|Any CPU.Build.0 = Release|Any CPU
	EndGlobalSection
	GlobalSection(SolutionProperties) = preSolution
		HideSolutionNode = FALSE
	EndGlobalSection
	GlobalSection(ExtensibilityGlobals) = postSolution
		SolutionGuid = {EDE91E49-F3D8-45A9-81A6-B3854B0322C2}
	EndGlobalSection
EndGlobal
